
Microsoft Visual Studio Solution File, Format Version 12.00
# Visual Studio Version 17
VisualStudioVersion = 17.8.34511.84
MinimumVisualStudioVersion = 10.0.40219.1
Project("{FAE04EC0-301F-11D3-BF4B-00C04F79EFBC}") = "module3", "module3\module3.csproj", "{DC1A7DEB-F53C-456A-99EA-52E95AF3AE0D}"
EndProject
Global
	GlobalSection(SolutionConfigurationPlatforms) = preSolution
		Debug|Any CPU = Debug|Any CPU
		Release|Any CPU = Release|Any CPU
	EndGlobalSection
	GlobalSection(ProjectConfigurationPlatforms) = postSolution
		{DC1A7DEB-F53C-456A-99EA-52E95AF3AE0D}.Debug|Any CPU.ActiveCfg = Debug|Any CPU
		{DC1A7DEB-F53C-456A-99EA-52E95AF3AE0D}.Debug|Any CPU.Build.0 = Debug|Any CPU
		{DC1A7DEB-F53C-456A-99EA-52E95AF3AE0D}.Release|Any CPU.ActiveCfg = Release|Any CPU
		{DC1A7DEB-F53C-456A-99EA-52E95AF3AE0D}.Release|Any CPU.Build.0 = Release|Any CPU
	EndGlobalSection
	GlobalSection(SolutionProperties) = preSolution
		HideSolutionNode = FALSE
	EndGlobalSection
	GlobalSection(ExtensibilityGlobals) = postSolution
		SolutionGuid = {CB525BEA-1DC3-41A0-B7C1-930F64DE788F}
	EndGlobalSection
EndGlobal
